
Microsoft Visual Studio Solution File, Format Version 12.00
# Visual Studio 15
VisualStudioVersion = 15.0.27004.2008
MinimumVisualStudioVersion = 10.0.40219.1
Project("{9A19103F-16F7-4668-BE54-9A1E7A4F7556}") = "ZwirTools", "ZwirTools\ZwirTools.csproj", "{B73A2955-6BED-4AFC-9B44-E0499F8DC59F}"
EndProject
Project("{FAE04EC0-301F-11D3-BF4B-00C04F79EFBC}") = "ZwirCore", "ZwirCore\ZwirCore.csproj", "{C02A9B2E-74BD-4AAC-A395-A9ED9BD71C42}"
EndProject
Global
	GlobalSection(SolutionConfigurationPlatforms) = preSolution
		Debug|Any CPU = Debug|Any CPU
		Release|Any CPU = Release|Any CPU
	EndGlobalSection
	GlobalSection(ProjectConfigurationPlatforms) = postSolution
		{B73A2955-6BED-4AFC-9B44-E0499F8DC59F}.Debug|Any CPU.ActiveCfg = Debug|Any CPU
		{B73A2955-6BED-4AFC-9B44-E0499F8DC59F}.Debug|Any CPU.Build.0 = Debug|Any CPU
		{B73A2955-6BED-4AFC-9B44-E0499F8DC59F}.Release|Any CPU.ActiveCfg = Release|Any CPU
		{B73A2955-6BED-4AFC-9B44-E0499F8DC59F}.Release|Any CPU.Build.0 = Release|Any CPU
		{C02A9B2E-74BD-4AAC-A395-A9ED9BD71C42}.Debug|Any CPU.ActiveCfg = Debug|Any CPU
		{C02A9B2E-74BD-4AAC-A395-A9ED9BD71C42}.Debug|Any CPU.Build.0 = Debug|Any CPU
		{C02A9B2E-74BD-4AAC-A395-A9ED9BD71C42}.Release|Any CPU.ActiveCfg = Release|Any CPU
		{C02A9B2E-74BD-4AAC-A395-A9ED9BD71C42}.Release|Any CPU.Build.0 = Release|Any CPU
	EndGlobalSection
	GlobalSection(SolutionProperties) = preSolution
		HideSolutionNode = FALSE
	EndGlobalSection
	GlobalSection(ExtensibilityGlobals) = postSolution
		SolutionGuid = {166BD16F-3D9D-4CE9-B40A-6BECA138652E}
	EndGlobalSection
EndGlobal
